lockfileVersion: '9.0'

settings:
  autoInstallPeers: true
  excludeLinksFromLockfile: false

importers:

  .:
    dependencies:
      geojson-vt:
        specifier: ^4.0.2
        version: 4.0.2
      vt-pbf:
        specifier: ^3.1.3
        version: 3.1.3
    devDependencies:
      '@types/node':
        specifier: ^25.6.0
        version: 25.6.0
      typescript:
        specifier: ^6.0.3
        version: 6.0.3

packages:

  '@mapbox/point-geometry@0.1.0':
    resolution: {integrity: sha512-6j56HdLTwWGO0fJPlrZtdU/B13q8Uwmo18Ck2GnGgN9PCFyKTZ3UbXeEdRFh18i9XQ92eH2VdtpJHpBD3aripQ==}

  '@mapbox/vector-tile@1.3.1':
    resolution: {integrity: sha512-MCEddb8u44/xfQ3oD+Srl/tNcQoqTw3goGk2oLsrFxOTc3dUp+kAnby3PvAeeBYSMSjSPD1nd1AJA6W49WnoUw==}

  '@types/node@25.6.0':
    resolution: {integrity: sha512-+qIYRKdNYJwY3vRCZMdJbPLJAtGjQBudzZzdzwQYkEPQd+PJGixUL5QfvCLDaULoLv+RhT3LDkwEfKaAkgSmNQ==}

  geojson-vt@4.0.2:
    resolution: {integrity: sha512-AV9ROqlNqoZEIJGfm1ncNjEXfkz2hdFlZf0qkVfmkwdKa8vj7H16YUOT81rJw1rdFhyEDlN2Tds91p/glzbl5A==}

  ieee754@1.2.1:
    resolution: {integrity: sha512-dcyqhDvX1C46lXZcVqCpK+FtMRQVdIMN6/Df5js2zouUsqG7I6sFxitIC+7KYK29KdXOLHdu9zL4sFnoVQnqaA==}

  pbf@3.3.0:
    resolution: {integrity: sha512-XDF38WCH3z5OV/OVa8GKUNtLAyneuzbCisx7QUCF8Q6Nutx0WnJrQe5O+kOtBlLfRNUws98Y58Lblp+NJG5T4Q==}
    hasBin: true

  protocol-buffers-schema@3.6.0:
    resolution: {integrity: sha512-TdDRD+/QNdrCGCE7v8340QyuXd4kIWIgapsE2+n/SaGiSSbomYl4TjHlvIoCWRpE7wFt02EpB35VVA2ImcBVqw==}

  resolve-protobuf-schema@2.1.0:
    resolution: {integrity: sha512-kI5ffTiZWmJaS/huM8wZfEMer1eRd7oJQhDuxeCLe3t7N7mX3z94CN0xPxBQxFYQTSNz9T0i+v6inKqSdK8xrQ==}

  typescript@6.0.3:
    resolution: {integrity: sha512-y2TvuxSZPDyQakkFRPZHKFm+KKVqIisdg9/CZwm9ftvKXLP8NRWj38/ODjNbr43SsoXqNuAisEf1GdCxqWcdBw==}
    engines: {node: '>=14.17'}
    hasBin: true

  undici-types@7.19.2:
    resolution: {integrity: sha512-qYVnV5OEm2AW8cJMCpdV20CDyaN3g0AjDlOGf1OW4iaDEx8MwdtChUp4zu4H0VP3nDRF/8RKWH+IPp9uW0YGZg==}

  vt-pbf@3.1.3:
    resolution: {integrity: sha512-2LzDFzt0mZKZ9IpVF2r69G9bXaP2Q2sArJCmcCgvfTdCCZzSyz4aCLoQyUilu37Ll56tCblIZrXFIjNUpGIlmA==}

snapshots:

  '@mapbox/point-geometry@0.1.0': {}

  '@mapbox/vector-tile@1.3.1':
    dependencies:
      '@mapbox/point-geometry': 0.1.0

  '@types/node@25.6.0':
    dependencies:
      undici-types: 7.19.2

  geojson-vt@4.0.2: {}

  ieee754@1.2.1: {}

  pbf@3.3.0:
    dependencies:
      ieee754: 1.2.1
      resolve-protobuf-schema: 2.1.0

  protocol-buffers-schema@3.6.0: {}

  resolve-protobuf-schema@2.1.0:
    dependencies:
      protocol-buffers-schema: 3.6.0

  typescript@6.0.3: {}

  undici-types@7.19.2: {}

  vt-pbf@3.1.3:
    dependencies:
      '@mapbox/point-geometry': 0.1.0
      '@mapbox/vector-tile': 1.3.1
      pbf: 3.3.0
